PODS:
  - DGActivityIndicatorView (2.1)

DEPENDENCIES:
  - DGActivityIndicatorView (from `https://github.com/393385724/DGActivityIndicatorView.git`, commit `926c5140e40ec216eb5b9ac3a6add23bf4221fd8`)

EXTERNAL SOURCES:
  DGActivityIndicatorView:
    :commit: 926c5140e40ec216eb5b9ac3a6add23bf4221fd8
    :git: https://github.com/393385724/DGActivityIndicatorView.git

CHECKOUT OPTIONS:
  DGActivityIndicatorView:
    :commit: 926c5140e40ec216eb5b9ac3a6add23bf4221fd8
    :git: https://github.com/393385724/DGActivityIndicatorView.git

SPEC CHECKSUMS:
  DGActivityIndicatorView: 1942ae657a8d247c035f229422b2d15a8adbe5b6

PODFILE CHECKSUM: a257b68eea1e821ad9a2df5da276a68dcd499ad7

COCOAPODS: 1.0.1
