// !$*UTF8*$!
{
	archiveVersion = 1;
	classes = {
	};
	objectVersion = 46;
	objects = {

/* Begin PBXBuildFile section */
		900B110F1D6B039D00047010 /* main.m in Sources */ = {isa = PBXBuildFile; fileRef = 900B110E1D6B039D00047010 /* main.m */; };
		900B11121D6B039D00047010 /* AppDelegate.m in Sources */ = {isa = PBXBuildFile; fileRef = 900B11111D6B039D00047010 /* AppDelegate.m */; };
		900B11181D6B039D00047010 /* Main.storyboard in Resources */ = {isa = PBXBuildFile; fileRef = 900B11161D6B039D00047010 /* Main.storyboard */; };
		900B111A1D6B039D00047010 /* Assets.xcassets in Resources */ = {isa = PBXBuildFile; fileRef = 900B11191D6B039D00047010 /* Assets.xcassets */; };
		900B111D1D6B039D00047010 /* LaunchScreen.storyboard in Resources */ = {isa = PBXBuildFile; fileRef = 900B111B1D6B039D00047010 /* LaunchScreen.storyboard */; };
		900B113D1D6B03C200047010 /* DDProgressHUD.m in Sources */ = {isa = PBXBuildFile; fileRef = 900B11391D6B03C200047010 /* DDProgressHUD.m */; };
		900B11411D6B03E200047010 /* DDTableViewController.m in Sources */ = {isa = PBXBuildFile; fileRef = 900B113F1D6B03E200047010 /* DDTableViewController.m */; };
		900B11421D6B03E200047010 /* DDTableViewController.xib in Resources */ = {isa = PBXBuildFile; fileRef = 900B11401D6B03E200047010 /* DDTableViewController.xib */; };
		9072B3631D7053E6005A18C5 /* error@2x.png in Resources */ = {isa = PBXBuildFile; fileRef = 9072B35A1D7053E6005A18C5 /* error@2x.png */; };
		9072B3641D7053E6005A18C5 /* error@3x.png in Resources */ = {isa = PBXBuildFile; fileRef = 9072B35B1D7053E6005A18C5 /* error@3x.png */; };
		9072B3651D7053E6005A18C5 /* success@2x.png in Resources */ = {isa = PBXBuildFile; fileRef = 9072B35C1D7053E6005A18C5 /* success@2x.png */; };
		9072B3661D7053E6005A18C5 /* success@3x.png in Resources */ = {isa = PBXBuildFile; fileRef = 9072B35D1D7053E6005A18C5 /* success@3x.png */; };
		9072B3671D7053E6005A18C5 /* DDActivityIndicatorGradientCircleView.m in Sources */ = {isa = PBXBuildFile; fileRef = 9072B3601D7053E6005A18C5 /* DDActivityIndicatorGradientCircleView.m */; };
		9072B3681D7053E6005A18C5 /* DDActivityIndicatorView.m in Sources */ = {isa = PBXBuildFile; fileRef = 9072B3621D7053E6005A18C5 /* DDActivityIndicatorView.m */; };
		908817111D6FDF1E00395C7F /* DDGActivityIndicatorAnimation.m in Sources */ = {isa = PBXBuildFile; fileRef = 908816C91D6FDF1E00395C7F /* DDGActivityIndicatorAnimation.m */; };
		908817121D6FDF1E00395C7F /* DDGActivityIndicatorBallBeatAnimation.m in Sources */ = {isa = PBXBuildFile; fileRef = 908816CB1D6FDF1E00395C7F /* DDGActivityIndicatorBallBeatAnimation.m */; };
		908817131D6FDF1E00395C7F /* DDGActivityIndicatorBallClipRotateAnimation.m in Sources */ = {isa = PBXBuildFile; fileRef = 908816CD1D6FDF1E00395C7F /* DDGActivityIndicatorBallClipRotateAnimation.m */; };
		908817141D6FDF1E00395C7F /* DDGActivityIndicatorBallClipRotateMultipleAnimation.m in Sources */ = {isa = PBXBuildFile; fileRef = 908816CF1D6FDF1E00395C7F /* DDGActivityIndicatorBallClipRotateMultipleAnimation.m */; };
		908817151D6FDF1E00395C7F /* DDGActivityIndicatorBallClipRotatePulseAnimation.m in Sources */ = {isa = PBXBuildFile; fileRef = 908816D11D6FDF1E00395C7F /* DDGActivityIndicatorBallClipRotatePulseAnimation.m */; };
		908817161D6FDF1E00395C7F /* DDGActivityIndicatorBallGridBeatAnimation.m in Sources */ = {isa = PBXBuildFile; fileRef = 908816D31D6FDF1E00395C7F /* DDGActivityIndicatorBallGridBeatAnimation.m */; };
		908817171D6FDF1E00395C7F /* DDGActivityIndicatorBallGridPulseAnimation.m in Sources */ = {isa = PBXBuildFile; fileRef = 908816D51D6FDF1E00395C7F /* DDGActivityIndicatorBallGridPulseAnimation.m */; };
		908817181D6FDF1E00395C7F /* DDGActivityIndicatorBallPulseAnimation.m in Sources */ = {isa = PBXBuildFile; fileRef = 908816D71D6FDF1E00395C7F /* DDGActivityIndicatorBallPulseAnimation.m */; };
		908817191D6FDF1E00395C7F /* DDGActivityIndicatorBallPulseSyncAnimation.m in Sources */ = {isa = PBXBuildFile; fileRef = 908816D91D6FDF1E00395C7F /* DDGActivityIndicatorBallPulseSyncAnimation.m */; };
		9088171A1D6FDF1E00395C7F /* DDGActivityIndicatorBallRotateAnimation.m in Sources */ = {isa = PBXBuildFile; fileRef = 908816DB1D6FDF1E00395C7F /* DDGActivityIndicatorBallRotateAnimation.m */; };
		9088171B1D6FDF1E00395C7F /* DDGActivityIndicatorBallScaleAnimation.m in Sources */ = {isa = PBXBuildFile; fileRef = 908816DD1D6FDF1E00395C7F /* DDGActivityIndicatorBallScaleAnimation.m */; };
		9088171C1D6FDF1E00395C7F /* DDGActivityIndicatorBallScaleMultipleAnimation.m in Sources */ = {isa = PBXBuildFile; fileRef = 908816DF1D6FDF1E00395C7F /* DDGActivityIndicatorBallScaleMultipleAnimation.m */; };
		9088171D1D6FDF1E00395C7F /* DDGActivityIndicatorBallScaleRippleAnimation.m in Sources */ = {isa = PBXBuildFile; fileRef = 908816E11D6FDF1E00395C7F /* DDGActivityIndicatorBallScaleRippleAnimation.m */; };
		9088171E1D6FDF1E00395C7F /* DDGActivityIndicatorBallScaleRippleMultipleAnimation.m in Sources */ = {isa = PBXBuildFile; fileRef = 908816E31D6FDF1E00395C7F /* DDGActivityIndicatorBallScaleRippleMultipleAnimation.m */; };
		9088171F1D6FDF1E00395C7F /* DDGActivityIndicatorBallSpinFadeLoader.m in Sources */ = {isa = PBXBuildFile; fileRef = 908816E51D6FDF1E00395C7F /* DDGActivityIndicatorBallSpinFadeLoader.m */; };
		908817201D6FDF1E00395C7F /* DDGActivityIndicatorBallTrianglePathAnimation.m in Sources */ = {isa = PBXBuildFile; fileRef = 908816E71D6FDF1E00395C7F /* DDGActivityIndicatorBallTrianglePathAnimation.m */; };
		908817211D6FDF1E00395C7F /* DDGActivityIndicatorBallZigZagAnimation.m in Sources */ = {isa = PBXBuildFile; fileRef = 908816E91D6FDF1E00395C7F /* DDGActivityIndicatorBallZigZagAnimation.m */; };
		908817221D6FDF1E00395C7F /* DDGActivityIndicatorBallZigZagDeflectAnimation.m in Sources */ = {isa = PBXBuildFile; fileRef = 908816EB1D6FDF1E00395C7F /* DDGActivityIndicatorBallZigZagDeflectAnimation.m */; };
		908817231D6FDF1E00395C7F /* DDGActivityIndicatorClockAnimation.m in Sources */ = {isa = PBXBuildFile; fileRef = 908816ED1D6FDF1E00395C7F /* DDGActivityIndicatorClockAnimation.m */; };
		908817241D6FDF1E00395C7F /* DDGActivityIndicatorCookieTerminatorAnimation.m in Sources */ = {isa = PBXBuildFile; fileRef = 908816EF1D6FDF1E00395C7F /* DDGActivityIndicatorCookieTerminatorAnimation.m */; };
		908817251D6FDF1E00395C7F /* DDGActivityIndicatorDoubleBounceAnimation.m in Sources */ = {isa = PBXBuildFile; fileRef = 908816F11D6FDF1E00395C7F /* DDGActivityIndicatorDoubleBounceAnimation.m */; };
		908817261D6FDF1E00395C7F /* DDGActivityIndicatorFiveDotsAnimation.m in Sources */ = {isa = PBXBuildFile; fileRef = 908816F31D6FDF1E00395C7F /* DDGActivityIndicatorFiveDotsAnimation.m */; };
		908817271D6FDF1E00395C7F /* DDGActivityIndicatorLineScaleAnimation.m in Sources */ = {isa = PBXBuildFile; fileRef = 908816F51D6FDF1E00395C7F /* DDGActivityIndicatorLineScaleAnimation.m */; };
		908817281D6FDF1E00395C7F /* DDGActivityIndicatorLineScalePartyAnimation.m in Sources */ = {isa = PBXBuildFile; fileRef = 908816F71D6FDF1E00395C7F /* DDGActivityIndicatorLineScalePartyAnimation.m */; };
		908817291D6FDF1E00395C7F /* DDGActivityIndicatorLineScalePulseOutAnimation.m in Sources */ = {isa = PBXBuildFile; fileRef = 908816F91D6FDF1E00395C7F /* DDGActivityIndicatorLineScalePulseOutAnimation.m */; };
		9088172A1D6FDF1E00395C7F /* DDGActivityIndicatorLineScalePulseOutRapidAnimation.m in Sources */ = {isa = PBXBuildFile; fileRef = 908816FB1D6FDF1E00395C7F /* DDGActivityIndicatorLineScalePulseOutRapidAnimation.m */; };
		9088172B1D6FDF1E00395C7F /* DDGActivityIndicatorNineDotsAnimation.m in Sources */ = {isa = PBXBuildFile; fileRef = 908816FD1D6FDF1E00395C7F /* DDGActivityIndicatorNineDotsAnimation.m */; };
		9088172C1D6FDF1E00395C7F /* DDGActivityIndicatorRotatingSandglassAnimation.m in Sources */ = {isa = PBXBuildFile; fileRef = 908816FF1D6FDF1E00395C7F /* DDGActivityIndicatorRotatingSandglassAnimation.m */; };
		9088172D1D6FDF1E00395C7F /* DDGActivityIndicatorRotatingSquaresAnimation.m in Sources */ = {isa = PBXBuildFile; fileRef = 908817011D6FDF1E00395C7F /* DDGActivityIndicatorRotatingSquaresAnimation.m */; };
		9088172E1D6FDF1E00395C7F /* DDGActivityIndicatorRotatingTrigonAnimation.m in Sources */ = {isa = PBXBuildFile; fileRef = 908817031D6FDF1E00395C7F /* DDGActivityIndicatorRotatingTrigonAnimation.m */; };
		9088172F1D6FDF1E00395C7F /* DDGActivityIndicatorThreeDotsAnimation.m in Sources */ = {isa = PBXBuildFile; fileRef = 908817051D6FDF1E00395C7F /* DDGActivityIndicatorThreeDotsAnimation.m */; };
		908817301D6FDF1E00395C7F /* DDGActivityIndicatorTriangleSkewSpinAnimation.m in Sources */ = {isa = PBXBuildFile; fileRef = 908817071D6FDF1E00395C7F /* DDGActivityIndicatorTriangleSkewSpinAnimation.m */; };
		908817311D6FDF1E00395C7F /* DDGActivityIndicatorTriplePulseAnimation.m in Sources */ = {isa = PBXBuildFile; fileRef = 908817091D6FDF1E00395C7F /* DDGActivityIndicatorTriplePulseAnimation.m */; };
		908817321D6FDF1E00395C7F /* DDGActivityIndicatorTripleRingsAnimation.m in Sources */ = {isa = PBXBuildFile; fileRef = 9088170B1D6FDF1E00395C7F /* DDGActivityIndicatorTripleRingsAnimation.m */; };
		908817331D6FDF1E00395C7F /* DDGActivityIndicatorTwoDotsAnimation.m in Sources */ = {isa = PBXBuildFile; fileRef = 9088170D1D6FDF1E00395C7F /* DDGActivityIndicatorTwoDotsAnimation.m */; };
		908817341D6FDF1E00395C7F /* DDGActivityIndicatorView.m in Sources */ = {isa = PBXBuildFile; fileRef = 908817101D6FDF1E00395C7F /* DDGActivityIndicatorView.m */; };
/* End PBXBuildFile section */

/* Begin PBXFileReference section */
		900B110A1D6B039D00047010 /* DDProgressHUDDemo.app */ = {isa = PBXFileReference; explicitFileType = wrapper.application; includeInIndex = 0; path = DDProgressHUDDemo.app; sourceTree = BUILT_PRODUCTS_DIR; };
		900B110E1D6B039D00047010 /* main.m */ = {isa = PBXFileReference; lastKnownFileType = sourcecode.c.objc; path = main.m; sourceTree = "<group>"; };
		900B11101D6B039D00047010 /* AppDelegate.h */ = {isa = PBXFileReference; lastKnownFileType = sourcecode.c.h; path = AppDelegate.h; sourceTree = "<group>"; };
		900B11111D6B039D00047010 /* AppDelegate.m */ = {isa = PBXFileReference; lastKnownFileType = sourcecode.c.objc; path = AppDelegate.m; sourceTree = "<group>"; };
		900B11171D6B039D00047010 /* Base */ = {isa = PBXFileReference; lastKnownFileType = file.storyboard; name = Base; path = Base.lproj/Main.storyboard; sourceTree = "<group>"; };
		900B11191D6B039D00047010 /* Assets.xcassets */ = {isa = PBXFileReference; lastKnownFileType = folder.assetcatalog; path = Assets.xcassets; sourceTree = "<group>"; };
		900B111C1D6B039D00047010 /* Base */ = {isa = PBXFileReference; lastKnownFileType = file.storyboard; name = Base; path = Base.lproj/LaunchScreen.storyboard; sourceTree = "<group>"; };
		900B111E1D6B039D00047010 /* Info.plist */ = {isa = PBXFileReference; lastKnownFileType = text.plist.xml; path = Info.plist; sourceTree = "<group>"; };
		900B11381D6B03C200047010 /* DDProgressHUD.h */ = {isa = PBXFileReference; fileEncoding = 4; lastKnownFileType = sourcecode.c.h; path = DDProgressHUD.h; sourceTree = "<group>"; };
		900B11391D6B03C200047010 /* DDProgressHUD.m */ = {isa = PBXFileReference; fileEncoding = 4; lastKnownFileType = sourcecode.c.objc; path = DDProgressHUD.m; sourceTree = "<group>"; };
		900B113E1D6B03E200047010 /* DDTableViewController.h */ = {isa = PBXFileReference; fileEncoding = 4; lastKnownFileType = sourcecode.c.h; path = DDTableViewController.h; sourceTree = "<group>"; };
		900B113F1D6B03E200047010 /* DDTableViewController.m */ = {isa = PBXFileReference; fileEncoding = 4; lastKnownFileType = sourcecode.c.objc; path = DDTableViewController.m; sourceTree = "<group>"; };
		900B11401D6B03E200047010 /* DDTableViewController.xib */ = {isa = PBXFileReference; fileEncoding = 4; lastKnownFileType = file.xib; path = DDTableViewController.xib; sourceTree = "<group>"; };
		9072B35A1D7053E6005A18C5 /* error@2x.png */ = {isa = PBXFileReference; lastKnownFileType = image.png; path = "error@2x.png"; sourceTree = "<group>"; };
		9072B35B1D7053E6005A18C5 /* error@3x.png */ = {isa = PBXFileReference; lastKnownFileType = image.png; path = "error@3x.png"; sourceTree = "<group>"; };
		9072B35C1D7053E6005A18C5 /* success@2x.png */ = {isa = PBXFileReference; lastKnownFileType = image.png; path = "success@2x.png"; sourceTree = "<group>"; };
		9072B35D1D7053E6005A18C5 /* success@3x.png */ = {isa = PBXFileReference; lastKnownFileType = image.png; path = "success@3x.png"; sourceTree = "<group>"; };
		9072B35F1D7053E6005A18C5 /* DDActivityIndicatorGradientCircleView.h */ = {isa = PBXFileReference; fileEncoding = 4; lastKnownFileType = sourcecode.c.h; path = DDActivityIndicatorGradientCircleView.h; sourceTree = "<group>"; };
		9072B3601D7053E6005A18C5 /* DDActivityIndicatorGradientCircleView.m */ = {isa = PBXFileReference; fileEncoding = 4; lastKnownFileType = sourcecode.c.objc; path = DDActivityIndicatorGradientCircleView.m; sourceTree = "<group>"; };
		9072B3611D7053E6005A18C5 /* DDActivityIndicatorView.h */ = {isa = PBXFileReference; fileEncoding = 4; lastKnownFileType = sourcecode.c.h; path = DDActivityIndicatorView.h; sourceTree = "<group>"; };
		9072B3621D7053E6005A18C5 /* DDActivityIndicatorView.m */ = {isa = PBXFileReference; fileEncoding = 4; lastKnownFileType = sourcecode.c.objc; path = DDActivityIndicatorView.m; sourceTree = "<group>"; };
		908816C81D6FDF1E00395C7F /* DDGActivityIndicatorAnimation.h */ = {isa = PBXFileReference; fileEncoding = 4; lastKnownFileType = sourcecode.c.h; path = DDGActivityIndicatorAnimation.h; sourceTree = "<group>"; };
		908816C91D6FDF1E00395C7F /* DDGActivityIndicatorAnimation.m */ = {isa = PBXFileReference; fileEncoding = 4; lastKnownFileType = sourcecode.c.objc; path = DDGActivityIndicatorAnimation.m; sourceTree = "<group>"; };
		908816CA1D6FDF1E00395C7F /* DDGActivityIndicatorBallBeatAnimation.h */ = {isa = PBXFileReference; fileEncoding = 4; lastKnownFileType = sourcecode.c.h; path = DDGActivityIndicatorBallBeatAnimation.h; sourceTree = "<group>"; };
		908816CB1D6FDF1E00395C7F /* DDGActivityIndicatorBallBeatAnimation.m */ = {isa = PBXFileReference; fileEncoding = 4; lastKnownFileType = sourcecode.c.objc; path = DDGActivityIndicatorBallBeatAnimation.m; sourceTree = "<group>"; };
		908816CC1D6FDF1E00395C7F /* DDGActivityIndicatorBallClipRotateAnimation.h */ = {isa = PBXFileReference; fileEncoding = 4; lastKnownFileType = sourcecode.c.h; path = DDGActivityIndicatorBallClipRotateAnimation.h; sourceTree = "<group>"; };
		908816CD1D6FDF1E00395C7F /* DDGActivityIndicatorBallClipRotateAnimation.m */ = {isa = PBXFileReference; fileEncoding = 4; lastKnownFileType = sourcecode.c.objc; path = DDGActivityIndicatorBallClipRotateAnimation.m; sourceTree = "<group>"; };
		908816CE1D6FDF1E00395C7F /* DDGActivityIndicatorBallClipRotateMultipleAnimation.h */ = {isa = PBXFileReference; fileEncoding = 4; lastKnownFileType = sourcecode.c.h; path = DDGActivityIndicatorBallClipRotateMultipleAnimation.h; sourceTree = "<group>"; };
		908816CF1D6FDF1E00395C7F /* DDGActivityIndicatorBallClipRotateMultipleAnimation.m */ = {isa = PBXFileReference; fileEncoding = 4; lastKnownFileType = sourcecode.c.objc; path = DDGActivityIndicatorBallClipRotateMultipleAnimation.m; sourceTree = "<group>"; };
		908816D01D6FDF1E00395C7F /* DDGActivityIndicatorBallClipRotatePulseAnimation.h */ = {isa = PBXFileReference; fileEncoding = 4; lastKnownFileType = sourcecode.c.h; path = DDGActivityIndicatorBallClipRotatePulseAnimation.h; sourceTree = "<group>"; };
		908816D11D6FDF1E00395C7F /* DDGActivityIndicatorBallClipRotatePulseAnimation.m */ = {isa = PBXFileReference; fileEncoding = 4; lastKnownFileType = sourcecode.c.objc; path = DDGActivityIndicatorBallClipRotatePulseAnimation.m; sourceTree = "<group>"; };
		908816D21D6FDF1E00395C7F /* DDGActivityIndicatorBallGridBeatAnimation.h */ = {isa = PBXFileReference; fileEncoding = 4; lastKnownFileType = sourcecode.c.h; path = DDGActivityIndicatorBallGridBeatAnimation.h; sourceTree = "<group>"; };
		908816D31D6FDF1E00395C7F /* DDGActivityIndicatorBallGridBeatAnimation.m */ = {isa = PBXFileReference; fileEncoding = 4; lastKnownFileType = sourcecode.c.objc; path = DDGActivityIndicatorBallGridBeatAnimation.m; sourceTree = "<group>"; };
		908816D41D6FDF1E00395C7F /* DDGActivityIndicatorBallGridPulseAnimation.h */ = {isa = PBXFileReference; fileEncoding = 4; lastKnownFileType = sourcecode.c.h; path = DDGActivityIndicatorBallGridPulseAnimation.h; sourceTree = "<group>"; };
		908816D51D6FDF1E00395C7F /* DDGActivityIndicatorBallGridPulseAnimation.m */ = {isa = PBXFileReference; fileEncoding = 4; lastKnownFileType = sourcecode.c.objc; path = DDGActivityIndicatorBallGridPulseAnimation.m; sourceTree = "<group>"; };
		908816D61D6FDF1E00395C7F /* DDGActivityIndicatorBallPulseAnimation.h */ = {isa = PBXFileReference; fileEncoding = 4; lastKnownFileType = sourcecode.c.h; path = DDGActivityIndicatorBallPulseAnimation.h; sourceTree = "<group>"; };
		908816D71D6FDF1E00395C7F /* DDGActivityIndicatorBallPulseAnimation.m */ = {isa = PBXFileReference; fileEncoding = 4; lastKnownFileType = sourcecode.c.objc; path = DDGActivityIndicatorBallPulseAnimation.m; sourceTree = "<group>"; };
		908816D81D6FDF1E00395C7F /* DDGActivityIndicatorBallPulseSyncAnimation.h */ = {isa = PBXFileReference; fileEncoding = 4; lastKnownFileType = sourcecode.c.h; path = DDGActivityIndicatorBallPulseSyncAnimation.h; sourceTree = "<group>"; };
		908816D91D6FDF1E00395C7F /* DDGActivityIndicatorBallPulseSyncAnimation.m */ = {isa = PBXFileReference; fileEncoding = 4; lastKnownFileType = sourcecode.c.objc; path = DDGActivityIndicatorBallPulseSyncAnimation.m; sourceTree = "<group>"; };
		908816DA1D6FDF1E00395C7F /* DDGActivityIndicatorBallRotateAnimation.h */ = {isa = PBXFileReference; fileEncoding = 4; lastKnownFileType = sourcecode.c.h; path = DDGActivityIndicatorBallRotateAnimation.h; sourceTree = "<group>"; };
		908816DB1D6FDF1E00395C7F /* DDGActivityIndicatorBallRotateAnimation.m */ = {isa = PBXFileReference; fileEncoding = 4; lastKnownFileType = sourcecode.c.objc; path = DDGActivityIndicatorBallRotateAnimation.m; sourceTree = "<group>"; };
		908816DC1D6FDF1E00395C7F /* DDGActivityIndicatorBallScaleAnimation.h */ = {isa = PBXFileReference; fileEncoding = 4; lastKnownFileType = sourcecode.c.h; path = DDGActivityIndicatorBallScaleAnimation.h; sourceTree = "<group>"; };
		908816DD1D6FDF1E00395C7F /* DDGActivityIndicatorBallScaleAnimation.m */ = {isa = PBXFileReference; fileEncoding = 4; lastKnownFileType = sourcecode.c.objc; path = DDGActivityIndicatorBallScaleAnimation.m; sourceTree = "<group>"; };
		908816DE1D6FDF1E00395C7F /* DDGActivityIndicatorBallScaleMultipleAnimation.h */ = {isa = PBXFileReference; fileEncoding = 4; lastKnownFileType = sourcecode.c.h; path = DDGActivityIndicatorBallScaleMultipleAnimation.h; sourceTree = "<group>"; };
		908816DF1D6FDF1E00395C7F /* DDGActivityIndicatorBallScaleMultipleAnimation.m */ = {isa = PBXFileReference; fileEncoding = 4; lastKnownFileType = sourcecode.c.objc; path = DDGActivityIndicatorBallScaleMultipleAnimation.m; sourceTree = "<group>"; };
		908816E01D6FDF1E00395C7F /* DDGActivityIndicatorBallScaleRippleAnimation.h */ = {isa = PBXFileReference; fileEncoding = 4; lastKnownFileType = sourcecode.c.h; path = DDGActivityIndicatorBallScaleRippleAnimation.h; sourceTree = "<group>"; };
		908816E11D6FDF1E00395C7F /* DDGActivityIndicatorBallScaleRippleAnimation.m */ = {isa = PBXFileReference; fileEncoding = 4; lastKnownFileType = sourcecode.c.objc; path = DDGActivityIndicatorBallScaleRippleAnimation.m; sourceTree = "<group>"; };
		908816E21D6FDF1E00395C7F /* DDGActivityIndicatorBallScaleRippleMultipleAnimation.h */ = {isa = PBXFileReference; fileEncoding = 4; lastKnownFileType = sourcecode.c.h; path = DDGActivityIndicatorBallScaleRippleMultipleAnimation.h; sourceTree = "<group>"; };
		908816E31D6FDF1E00395C7F /* DDGActivityIndicatorBallScaleRippleMultipleAnimation.m */ = {isa = PBXFileReference; fileEncoding = 4; lastKnownFileType = sourcecode.c.objc; path = DDGActivityIndicatorBallScaleRippleMultipleAnimation.m; sourceTree = "<group>"; };
		908816E41D6FDF1E00395C7F /* DDGActivityIndicatorBallSpinFadeLoader.h */ = {isa = PBXFileReference; fileEncoding = 4; lastKnownFileType = sourcecode.c.h; path = DDGActivityIndicatorBallSpinFadeLoader.h; sourceTree = "<group>"; };
		908816E51D6FDF1E00395C7F /* DDGActivityIndicatorBallSpinFadeLoader.m */ = {isa = PBXFileReference; fileEncoding = 4; lastKnownFileType = sourcecode.c.objc; path = DDGActivityIndicatorBallSpinFadeLoader.m; sourceTree = "<group>"; };
		908816E61D6FDF1E00395C7F /* DDGActivityIndicatorBallTrianglePathAnimation.h */ = {isa = PBXFileReference; fileEncoding = 4; lastKnownFileType = sourcecode.c.h; path = DDGActivityIndicatorBallTrianglePathAnimation.h; sourceTree = "<group>"; };
		908816E71D6FDF1E00395C7F /* DDGActivityIndicatorBallTrianglePathAnimation.m */ = {isa = PBXFileReference; fileEncoding = 4; lastKnownFileType = sourcecode.c.objc; path = DDGActivityIndicatorBallTrianglePathAnimation.m; sourceTree = "<group>"; };
		908816E81D6FDF1E00395C7F /* DDGActivityIndicatorBallZigZagAnimation.h */ = {isa = PBXFileReference; fileEncoding = 4; lastKnownFileType = sourcecode.c.h; path = DDGActivityIndicatorBallZigZagAnimation.h; sourceTree = "<group>"; };
		908816E91D6FDF1E00395C7F /* DDGActivityIndicatorBallZigZagAnimation.m */ = {isa = PBXFileReference; fileEncoding = 4; lastKnownFileType = sourcecode.c.objc; path = DDGActivityIndicatorBallZigZagAnimation.m; sourceTree = "<group>"; };
		908816EA1D6FDF1E00395C7F /* DDGActivityIndicatorBallZigZagDeflectAnimation.h */ = {isa = PBXFileReference; fileEncoding = 4; lastKnownFileType = sourcecode.c.h; path = DDGActivityIndicatorBallZigZagDeflectAnimation.h; sourceTree = "<group>"; };
		908816EB1D6FDF1E00395C7F /* DDGActivityIndicatorBallZigZagDeflectAnimation.m */ = {isa = PBXFileReference; fileEncoding = 4; lastKnownFileType = sourcecode.c.objc; path = DDGActivityIndicatorBallZigZagDeflectAnimation.m; sourceTree = "<group>"; };
		908816EC1D6FDF1E00395C7F /* DDGActivityIndicatorClockAnimation.h */ = {isa = PBXFileReference; fileEncoding = 4; lastKnownFileType = sourcecode.c.h; path = DDGActivityIndicatorClockAnimation.h; sourceTree = "<group>"; };
		908816ED1D6FDF1E00395C7F /* DDGActivityIndicatorClockAnimation.m */ = {isa = PBXFileReference; fileEncoding = 4; lastKnownFileType = sourcecode.c.objc; path = DDGActivityIndicatorClockAnimation.m; sourceTree = "<group>"; };
		908816EE1D6FDF1E00395C7F /* DDGActivityIndicatorCookieTerminatorAnimation.h */ = {isa = PBXFileReference; fileEncoding = 4; lastKnownFileType = sourcecode.c.h; path = DDGActivityIndicatorCookieTerminatorAnimation.h; sourceTree = "<group>"; };
		908816EF1D6FDF1E00395C7F /* DDGActivityIndicatorCookieTerminatorAnimation.m */ = {isa = PBXFileReference; fileEncoding = 4; lastKnownFileType = sourcecode.c.objc; path = DDGActivityIndicatorCookieTerminatorAnimation.m; sourceTree = "<group>"; };
		908816F01D6FDF1E00395C7F /* DDGActivityIndicatorDoubleBounceAnimation.h */ = {isa = PBXFileReference; fileEncoding = 4; lastKnownFileType = sourcecode.c.h; path = DDGActivityIndicatorDoubleBounceAnimation.h; sourceTree = "<group>"; };
		908816F11D6FDF1E00395C7F /* DDGActivityIndicatorDoubleBounceAnimation.m */ = {isa = PBXFileReference; fileEncoding = 4; lastKnownFileType = sourcecode.c.objc; path = DDGActivityIndicatorDoubleBounceAnimation.m; sourceTree = "<group>"; };
		908816F21D6FDF1E00395C7F /* DDGActivityIndicatorFiveDotsAnimation.h */ = {isa = PBXFileReference; fileEncoding = 4; lastKnownFileType = sourcecode.c.h; path = DDGActivityIndicatorFiveDotsAnimation.h; sourceTree = "<group>"; };
		908816F31D6FDF1E00395C7F /* DDGActivityIndicatorFiveDotsAnimation.m */ = {isa = PBXFileReference; fileEncoding = 4; lastKnownFileType = sourcecode.c.objc; path = DDGActivityIndicatorFiveDotsAnimation.m; sourceTree = "<group>"; };
		908816F41D6FDF1E00395C7F /* DDGActivityIndicatorLineScaleAnimation.h */ = {isa = PBXFileReference; fileEncoding = 4; lastKnownFileType = sourcecode.c.h; path = DDGActivityIndicatorLineScaleAnimation.h; sourceTree = "<group>"; };
		908816F51D6FDF1E00395C7F /* DDGActivityIndicatorLineScaleAnimation.m */ = {isa = PBXFileReference; fileEncoding = 4; lastKnownFileType = sourcecode.c.objc; path = DDGActivityIndicatorLineScaleAnimation.m; sourceTree = "<group>"; };
		908816F61D6FDF1E00395C7F /* DDGActivityIndicatorLineScalePartyAnimation.h */ = {isa = PBXFileReference; fileEncoding = 4; lastKnownFileType = sourcecode.c.h; path = DDGActivityIndicatorLineScalePartyAnimation.h; sourceTree = "<group>"; };
		908816F71D6FDF1E00395C7F /* DDGActivityIndicatorLineScalePartyAnimation.m */ = {isa = PBXFileReference; fileEncoding = 4; lastKnownFileType = sourcecode.c.objc; path = DDGActivityIndicatorLineScalePartyAnimation.m; sourceTree = "<group>"; };
		908816F81D6FDF1E00395C7F /* DDGActivityIndicatorLineScalePulseOutAnimation.h */ = {isa = PBXFileReference; fileEncoding = 4; lastKnownFileType = sourcecode.c.h; path = DDGActivityIndicatorLineScalePulseOutAnimation.h; sourceTree = "<group>"; };
		908816F91D6FDF1E00395C7F /* DDGActivityIndicatorLineScalePulseOutAnimation.m */ = {isa = PBXFileReference; fileEncoding = 4; lastKnownFileType = sourcecode.c.objc; path = DDGActivityIndicatorLineScalePulseOutAnimation.m; sourceTree = "<group>"; };
		908816FA1D6FDF1E00395C7F /* DDGActivityIndicatorLineScalePulseOutRapidAnimation.h */ = {isa = PBXFileReference; fileEncoding = 4; lastKnownFileType = sourcecode.c.h; path = DDGActivityIndicatorLineScalePulseOutRapidAnimation.h; sourceTree = "<group>"; };
		908816FB1D6FDF1E00395C7F /* DDGActivityIndicatorLineScalePulseOutRapidAnimation.m */ = {isa = PBXFileReference; fileEncoding = 4; lastKnownFileType = sourcecode.c.objc; path = DDGActivityIndicatorLineScalePulseOutRapidAnimation.m; sourceTree = "<group>"; };
		908816FC1D6FDF1E00395C7F /* DDGActivityIndicatorNineDotsAnimation.h */ = {isa = PBXFileReference; fileEncoding = 4; lastKnownFileType = sourcecode.c.h; path = DDGActivityIndicatorNineDotsAnimation.h; sourceTree = "<group>"; };
		908816FD1D6FDF1E00395C7F /* DDGActivityIndicatorNineDotsAnimation.m */ = {isa = PBXFileReference; fileEncoding = 4; lastKnownFileType = sourcecode.c.objc; path = DDGActivityIndicatorNineDotsAnimation.m; sourceTree = "<group>"; };
		908816FE1D6FDF1E00395C7F /* DDGActivityIndicatorRotatingSandglassAnimation.h */ = {isa = PBXFileReference; fileEncoding = 4; lastKnownFileType = sourcecode.c.h; path = DDGActivityIndicatorRotatingSandglassAnimation.h; sourceTree = "<group>"; };
		908816FF1D6FDF1E00395C7F /* DDGActivityIndicatorRotatingSandglassAnimation.m */ = {isa = PBXFileReference; fileEncoding = 4; lastKnownFileType = sourcecode.c.objc; path = DDGActivityIndicatorRotatingSandglassAnimation.m; sourceTree = "<group>"; };
		908817001D6FDF1E00395C7F /* DDGActivityIndicatorRotatingSquaresAnimation.h */ = {isa = PBXFileReference; fileEncoding = 4; lastKnownFileType = sourcecode.c.h; path = DDGActivityIndicatorRotatingSquaresAnimation.h; sourceTree = "<group>"; };
		908817011D6FDF1E00395C7F /* DDGActivityIndicatorRotatingSquaresAnimation.m */ = {isa = PBXFileReference; fileEncoding = 4; lastKnownFileType = sourcecode.c.objc; path = DDGActivityIndicatorRotatingSquaresAnimation.m; sourceTree = "<group>"; };
		908817021D6FDF1E00395C7F /* DDGActivityIndicatorRotatingTrigonAnimation.h */ = {isa = PBXFileReference; fileEncoding = 4; lastKnownFileType = sourcecode.c.h; path = DDGActivityIndicatorRotatingTrigonAnimation.h; sourceTree = "<group>"; };
		908817031D6FDF1E00395C7F /* DDGActivityIndicatorRotatingTrigonAnimation.m */ = {isa = PBXFileReference; fileEncoding = 4; lastKnownFileType = sourcecode.c.objc; path = DDGActivityIndicatorRotatingTrigonAnimation.m; sourceTree = "<group>"; };
		908817041D6FDF1E00395C7F /* DDGActivityIndicatorThreeDotsAnimation.h */ = {isa = PBXFileReference; fileEncoding = 4; lastKnownFileType = sourcecode.c.h; path = DDGActivityIndicatorThreeDotsAnimation.h; sourceTree = "<group>"; };
		908817051D6FDF1E00395C7F /* DDGActivityIndicatorThreeDotsAnimation.m */ = {isa = PBXFileReference; fileEncoding = 4; lastKnownFileType = sourcecode.c.objc; path = DDGActivityIndicatorThreeDotsAnimation.m; sourceTree = "<group>"; };
		908817061D6FDF1E00395C7F /* DDGActivityIndicatorTriangleSkewSpinAnimation.h */ = {isa = PBXFileReference; fileEncoding = 4; lastKnownFileType = sourcecode.c.h; path = DDGActivityIndicatorTriangleSkewSpinAnimation.h; sourceTree = "<group>"; };
		908817071D6FDF1E00395C7F /* DDGActivityIndicatorTriangleSkewSpinAnimation.m */ = {isa = PBXFileReference; fileEncoding = 4; lastKnownFileType = sourcecode.c.objc; path = DDGActivityIndicatorTriangleSkewSpinAnimation.m; sourceTree = "<group>"; };
		908817081D6FDF1E00395C7F /* DDGActivityIndicatorTriplePulseAnimation.h */ = {isa = PBXFileReference; fileEncoding = 4; lastKnownFileType = sourcecode.c.h; path = DDGActivityIndicatorTriplePulseAnimation.h; sourceTree = "<group>"; };
		908817091D6FDF1E00395C7F /* DDGActivityIndicatorTriplePulseAnimation.m */ = {isa = PBXFileReference; fileEncoding = 4; lastKnownFileType = sourcecode.c.objc; path = DDGActivityIndicatorTriplePulseAnimation.m; sourceTree = "<group>"; };
		9088170A1D6FDF1E00395C7F /* DDGActivityIndicatorTripleRingsAnimation.h */ = {isa = PBXFileReference; fileEncoding = 4; lastKnownFileType = sourcecode.c.h; path = DDGActivityIndicatorTripleRingsAnimation.h; sourceTree = "<group>"; };
		9088170B1D6FDF1E00395C7F /* DDGActivityIndicatorTripleRingsAnimation.m */ = {isa = PBXFileReference; fileEncoding = 4; lastKnownFileType = sourcecode.c.objc; path = DDGActivityIndicatorTripleRingsAnimation.m; sourceTree = "<group>"; };
		9088170C1D6FDF1E00395C7F /* DDGActivityIndicatorTwoDotsAnimation.h */ = {isa = PBXFileReference; fileEncoding = 4; lastKnownFileType = sourcecode.c.h; path = DDGActivityIndicatorTwoDotsAnimation.h; sourceTree = "<group>"; };
		9088170D1D6FDF1E00395C7F /* DDGActivityIndicatorTwoDotsAnimation.m */ = {isa = PBXFileReference; fileEncoding = 4; lastKnownFileType = sourcecode.c.objc; path = DDGActivityIndicatorTwoDotsAnimation.m; sourceTree = "<group>"; };
		9088170E1D6FDF1E00395C7F /* DDGActivityIndicatorAnimationProtocol.h */ = {isa = PBXFileReference; fileEncoding = 4; lastKnownFileType = sourcecode.c.h; path = DDGActivityIndicatorAnimationProtocol.h; sourceTree = "<group>"; };
		9088170F1D6FDF1E00395C7F /* DDGActivityIndicatorView.h */ = {isa = PBXFileReference; fileEncoding = 4; lastKnownFileType = sourcecode.c.h; path = DDGActivityIndicatorView.h; sourceTree = "<group>"; };
		908817101D6FDF1E00395C7F /* DDGActivityIndicatorView.m */ = {isa = PBXFileReference; fileEncoding = 4; lastKnownFileType = sourcecode.c.objc; path = DDGActivityIndicatorView.m; sourceTree = "<group>"; };
/* End PBXFileReference section */

/* Begin PBXFrameworksBuildPhase section */
		900B11071D6B039D00047010 /* Frameworks */ = {
			isa = PBXFrameworksBuildPhase;
			buildActionMask = 2147483647;
			files = (
			);
			runOnlyForDeploymentPostprocessing = 0;
		};
/* End PBXFrameworksBuildPhase section */

/* Begin PBXGroup section */
		5C9C5ACA568985BDF6F214B2 /* Frameworks */ = {
			isa = PBXGroup;
			children = (
			);
			name = Frameworks;
			sourceTree = "<group>";
		};
		900B11011D6B039D00047010 = {
			isa = PBXGroup;
			children = (
				900B11311D6B03C200047010 /* DDProgressHUD */,
				900B110C1D6B039D00047010 /* DDProgressHUDDemo */,
				900B110B1D6B039D00047010 /* Products */,
				5C9C5ACA568985BDF6F214B2 /* Frameworks */,
			);
			sourceTree = "<group>";
		};
		900B110B1D6B039D00047010 /* Products */ = {
			isa = PBXGroup;
			children = (
				900B110A1D6B039D00047010 /* DDProgressHUDDemo.app */,
			);
			name = Products;
			sourceTree = "<group>";
		};
		900B110C1D6B039D00047010 /* DDProgressHUDDemo */ = {
			isa = PBXGroup;
			children = (
				900B11101D6B039D00047010 /* AppDelegate.h */,
				900B11111D6B039D00047010 /* AppDelegate.m */,
				900B113E1D6B03E200047010 /* DDTableViewController.h */,
				900B113F1D6B03E200047010 /* DDTableViewController.m */,
				900B11401D6B03E200047010 /* DDTableViewController.xib */,
				900B11161D6B039D00047010 /* Main.storyboard */,
				900B11191D6B039D00047010 /* Assets.xcassets */,
				900B111B1D6B039D00047010 /* LaunchScreen.storyboard */,
				900B111E1D6B039D00047010 /* Info.plist */,
				900B110D1D6B039D00047010 /* Supporting Files */,
			);
			path = DDProgressHUDDemo;
			sourceTree = "<group>";
		};
		900B110D1D6B039D00047010 /* Supporting Files */ = {
			isa = PBXGroup;
			children = (
				900B110E1D6B039D00047010 /* main.m */,
			);
			name = "Supporting Files";
			sourceTree = "<group>";
		};
		900B11311D6B03C200047010 /* DDProgressHUD */ = {
			isa = PBXGroup;
			children = (
				9072B3591D7053E6005A18C5 /* Resources */,
				9072B35E1D7053E6005A18C5 /* Views */,
				908816C61D6FDF1E00395C7F /* DDActivityIndicatorView */,
				900B11381D6B03C200047010 /* DDProgressHUD.h */,
				900B11391D6B03C200047010 /* DDProgressHUD.m */,
			);
			name = DDProgressHUD;
			path = ../DDProgressHUD;
			sourceTree = "<group>";
		};
		9072B3591D7053E6005A18C5 /* Resources */ = {
			isa = PBXGroup;
			children = (
				9072B35A1D7053E6005A18C5 /* error@2x.png */,
				9072B35B1D7053E6005A18C5 /* error@3x.png */,
				9072B35C1D7053E6005A18C5 /* success@2x.png */,
				9072B35D1D7053E6005A18C5 /* success@3x.png */,
			);
			path = Resources;
			sourceTree = "<group>";
		};
		9072B35E1D7053E6005A18C5 /* Views */ = {
			isa = PBXGroup;
			children = (
				9072B35F1D7053E6005A18C5 /* DDActivityIndicatorGradientCircleView.h */,
				9072B3601D7053E6005A18C5 /* DDActivityIndicatorGradientCircleView.m */,
				9072B3611D7053E6005A18C5 /* DDActivityIndicatorView.h */,
				9072B3621D7053E6005A18C5 /* DDActivityIndicatorView.m */,
			);
			path = Views;
			sourceTree = "<group>";
		};
		908816C61D6FDF1E00395C7F /* DDActivityIndicatorView */ = {
			isa = PBXGroup;
			children = (
				908816C71D6FDF1E00395C7F /* Animations */,
				9088170E1D6FDF1E00395C7F /* DDGActivityIndicatorAnimationProtocol.h */,
				9088170F1D6FDF1E00395C7F /* DDGActivityIndicatorView.h */,
				908817101D6FDF1E00395C7F /* DDGActivityIndicatorView.m */,
			);
			path = DDActivityIndicatorView;
			sourceTree = "<group>";
		};
		908816C71D6FDF1E00395C7F /* Animations */ = {
			isa = PBXGroup;
			children = (
				908816C81D6FDF1E00395C7F /* DDGActivityIndicatorAnimation.h */,
				908816C91D6FDF1E00395C7F /* DDGActivityIndicatorAnimation.m */,
				908816CA1D6FDF1E00395C7F /* DDGActivityIndicatorBallBeatAnimation.h */,
				908816CB1D6FDF1E00395C7F /* DDGActivityIndicatorBallBeatAnimation.m */,
				908816CC1D6FDF1E00395C7F /* DDGActivityIndicatorBallClipRotateAnimation.h */,
				908816CD1D6FDF1E00395C7F /* DDGActivityIndicatorBallClipRotateAnimation.m */,
				908816CE1D6FDF1E00395C7F /* DDGActivityIndicatorBallClipRotateMultipleAnimation.h */,
				908816CF1D6FDF1E00395C7F /* DDGActivityIndicatorBallClipRotateMultipleAnimation.m */,
				908816D01D6FDF1E00395C7F /* DDGActivityIndicatorBallClipRotatePulseAnimation.h */,
				908816D11D6FDF1E00395C7F /* DDGActivityIndicatorBallClipRotatePulseAnimation.m */,
				908816D21D6FDF1E00395C7F /* DDGActivityIndicatorBallGridBeatAnimation.h */,
				908816D31D6FDF1E00395C7F /* DDGActivityIndicatorBallGridBeatAnimation.m */,
				908816D41D6FDF1E00395C7F /* DDGActivityIndicatorBallGridPulseAnimation.h */,
				908816D51D6FDF1E00395C7F /* DDGActivityIndicatorBallGridPulseAnimation.m */,
				908816D61D6FDF1E00395C7F /* DDGActivityIndicatorBallPulseAnimation.h */,
				908816D71D6FDF1E00395C7F /* DDGActivityIndicatorBallPulseAnimation.m */,
				908816D81D6FDF1E00395C7F /* DDGActivityIndicatorBallPulseSyncAnimation.h */,
				908816D91D6FDF1E00395C7F /* DDGActivityIndicatorBallPulseSyncAnimation.m */,
				908816DA1D6FDF1E00395C7F /* DDGActivityIndicatorBallRotateAnimation.h */,
				908816DB1D6FDF1E00395C7F /* DDGActivityIndicatorBallRotateAnimation.m */,
				908816DC1D6FDF1E00395C7F /* DDGActivityIndicatorBallScaleAnimation.h */,
				908816DD1D6FDF1E00395C7F /* DDGActivityIndicatorBallScaleAnimation.m */,
				908816DE1D6FDF1E00395C7F /* DDGActivityIndicatorBallScaleMultipleAnimation.h */,
				908816DF1D6FDF1E00395C7F /* DDGActivityIndicatorBallScaleMultipleAnimation.m */,
				908816E01D6FDF1E00395C7F /* DDGActivityIndicatorBallScaleRippleAnimation.h */,
				908816E11D6FDF1E00395C7F /* DDGActivityIndicatorBallScaleRippleAnimation.m */,
				908816E21D6FDF1E00395C7F /* DDGActivityIndicatorBallScaleRippleMultipleAnimation.h */,
				908816E31D6FDF1E00395C7F /* DDGActivityIndicatorBallScaleRippleMultipleAnimation.m */,
				908816E41D6FDF1E00395C7F /* DDGActivityIndicatorBallSpinFadeLoader.h */,
				908816E51D6FDF1E00395C7F /* DDGActivityIndicatorBallSpinFadeLoader.m */,
				908816E61D6FDF1E00395C7F /* DDGActivityIndicatorBallTrianglePathAnimation.h */,
				908816E71D6FDF1E00395C7F /* DDGActivityIndicatorBallTrianglePathAnimation.m */,
				908816E81D6FDF1E00395C7F /* DDGActivityIndicatorBallZigZagAnimation.h */,
				908816E91D6FDF1E00395C7F /* DDGActivityIndicatorBallZigZagAnimation.m */,
				908816EA1D6FDF1E00395C7F /* DDGActivityIndicatorBallZigZagDeflectAnimation.h */,
				908816EB1D6FDF1E00395C7F /* DDGActivityIndicatorBallZigZagDeflectAnimation.m */,
				908816EC1D6FDF1E00395C7F /* DDGActivityIndicatorClockAnimation.h */,
				908816ED1D6FDF1E00395C7F /* DDGActivityIndicatorClockAnimation.m */,
				908816EE1D6FDF1E00395C7F /* DDGActivityIndicatorCookieTerminatorAnimation.h */,
				908816EF1D6FDF1E00395C7F /* DDGActivityIndicatorCookieTerminatorAnimation.m */,
				908816F01D6FDF1E00395C7F /* DDGActivityIndicatorDoubleBounceAnimation.h */,
				908816F11D6FDF1E00395C7F /* DDGActivityIndicatorDoubleBounceAnimation.m */,
				908816F21D6FDF1E00395C7F /* DDGActivityIndicatorFiveDotsAnimation.h */,
				908816F31D6FDF1E00395C7F /* DDGActivityIndicatorFiveDotsAnimation.m */,
				908816F41D6FDF1E00395C7F /* DDGActivityIndicatorLineScaleAnimation.h */,
				908816F51D6FDF1E00395C7F /* DDGActivityIndicatorLineScaleAnimation.m */,
				908816F61D6FDF1E00395C7F /* DDGActivityIndicatorLineScalePartyAnimation.h */,
				908816F71D6FDF1E00395C7F /* DDGActivityIndicatorLineScalePartyAnimation.m */,
				908816F81D6FDF1E00395C7F /* DDGActivityIndicatorLineScalePulseOutAnimation.h */,
				908816F91D6FDF1E00395C7F /* DDGActivityIndicatorLineScalePulseOutAnimation.m */,
				908816FA1D6FDF1E00395C7F /* DDGActivityIndicatorLineScalePulseOutRapidAnimation.h */,
				908816FB1D6FDF1E00395C7F /* DDGActivityIndicatorLineScalePulseOutRapidAnimation.m */,
				908816FC1D6FDF1E00395C7F /* DDGActivityIndicatorNineDotsAnimation.h */,
				908816FD1D6FDF1E00395C7F /* DDGActivityIndicatorNineDotsAnimation.m */,
				908816FE1D6FDF1E00395C7F /* DDGActivityIndicatorRotatingSandglassAnimation.h */,
				908816FF1D6FDF1E00395C7F /* DDGActivityIndicatorRotatingSandglassAnimation.m */,
				908817001D6FDF1E00395C7F /* DDGActivityIndicatorRotatingSquaresAnimation.h */,
				908817011D6FDF1E00395C7F /* DDGActivityIndicatorRotatingSquaresAnimation.m */,
				908817021D6FDF1E00395C7F /* DDGActivityIndicatorRotatingTrigonAnimation.h */,
				908817031D6FDF1E00395C7F /* DDGActivityIndicatorRotatingTrigonAnimation.m */,
				908817041D6FDF1E00395C7F /* DDGActivityIndicatorThreeDotsAnimation.h */,
				908817051D6FDF1E00395C7F /* DDGActivityIndicatorThreeDotsAnimation.m */,
				908817061D6FDF1E00395C7F /* DDGActivityIndicatorTriangleSkewSpinAnimation.h */,
				908817071D6FDF1E00395C7F /* DDGActivityIndicatorTriangleSkewSpinAnimation.m */,
				908817081D6FDF1E00395C7F /* DDGActivityIndicatorTriplePulseAnimation.h */,
				908817091D6FDF1E00395C7F /* DDGActivityIndicatorTriplePulseAnimation.m */,
				9088170A1D6FDF1E00395C7F /* DDGActivityIndicatorTripleRingsAnimation.h */,
				9088170B1D6FDF1E00395C7F /* DDGActivityIndicatorTripleRingsAnimation.m */,
				9088170C1D6FDF1E00395C7F /* DDGActivityIndicatorTwoDotsAnimation.h */,
				9088170D1D6FDF1E00395C7F /* DDGActivityIndicatorTwoDotsAnimation.m */,
			);
			path = Animations;
			sourceTree = "<group>";
		};
/* End PBXGroup section */

/* Begin PBXNativeTarget section */
		900B11091D6B039D00047010 /* DDProgressHUDDemo */ = {
			isa = PBXNativeTarget;
			buildConfigurationList = 900B11211D6B039D00047010 /* Build configuration list for PBXNativeTarget "DDProgressHUDDemo" */;
			buildPhases = (
				900B11061D6B039D00047010 /* Sources */,
				900B11071D6B039D00047010 /* Frameworks */,
				900B11081D6B039D00047010 /* Resources */,
			);
			buildRules = (
			);
			dependencies = (
			);
			name = DDProgressHUDDemo;
			productName = DDProgressHUDDemo;
			productReference = 900B110A1D6B039D00047010 /* DDProgressHUDDemo.app */;
			productType = "com.apple.product-type.application";
		};
/* End PBXNativeTarget section */

/* Begin PBXProject section */
		900B11021D6B039D00047010 /* Project object */ = {
			isa = PBXProject;
			attributes = {
				LastUpgradeCheck = 0730;
				ORGANIZATIONNAME = LiLingang;
				TargetAttributes = {
					900B11091D6B039D00047010 = {
						CreatedOnToolsVersion = 7.3.1;
					};
				};
			};
			buildConfigurationList = 900B11051D6B039D00047010 /* Build configuration list for PBXProject "DDProgressHUDDemo" */;
			compatibilityVersion = "Xcode 3.2";
			developmentRegion = English;
			hasScannedForEncodings = 0;
			knownRegions = (
				en,
				Base,
			);
			mainGroup = 900B11011D6B039D00047010;
			productRefGroup = 900B110B1D6B039D00047010 /* Products */;
			projectDirPath = "";
			projectRoot = "";
			targets = (
				900B11091D6B039D00047010 /* DDProgressHUDDemo */,
			);
		};
/* End PBXProject section */

/* Begin PBXResourcesBuildPhase section */
		900B11081D6B039D00047010 /* Resources */ = {
			isa = PBXResourcesBuildPhase;
			buildActionMask = 2147483647;
			files = (
				9072B3651D7053E6005A18C5 /* success@2x.png in Resources */,
				9072B3641D7053E6005A18C5 /* error@3x.png in Resources */,
				900B111D1D6B039D00047010 /* LaunchScreen.storyboard in Resources */,
				9072B3631D7053E6005A18C5 /* error@2x.png in Resources */,
				900B11421D6B03E200047010 /* DDTableViewController.xib in Resources */,
				9072B3661D7053E6005A18C5 /* success@3x.png in Resources */,
				900B111A1D6B039D00047010 /* Assets.xcassets in Resources */,
				900B11181D6B039D00047010 /* Main.storyboard in Resources */,
			);
			runOnlyForDeploymentPostprocessing = 0;
		};
/* End PBXResourcesBuildPhase section */

/* Begin PBXSourcesBuildPhase section */
		900B11061D6B039D00047010 /* Sources */ = {
			isa = PBXSourcesBuildPhase;
			buildActionMask = 2147483647;
			files = (
				9088171E1D6FDF1E00395C7F /* DDGActivityIndicatorBallScaleRippleMultipleAnimation.m in Sources */,
				908817141D6FDF1E00395C7F /* DDGActivityIndicatorBallClipRotateMultipleAnimation.m in Sources */,
				900B11121D6B039D00047010 /* AppDelegate.m in Sources */,
				9088172C1D6FDF1E00395C7F /* DDGActivityIndicatorRotatingSandglassAnimation.m in Sources */,
				9088171A1D6FDF1E00395C7F /* DDGActivityIndicatorBallRotateAnimation.m in Sources */,
				908817191D6FDF1E00395C7F /* DDGActivityIndicatorBallPulseSyncAnimation.m in Sources */,
				9088172A1D6FDF1E00395C7F /* DDGActivityIndicatorLineScalePulseOutRapidAnimation.m in Sources */,
				908817271D6FDF1E00395C7F /* DDGActivityIndicatorLineScaleAnimation.m in Sources */,
				908817241D6FDF1E00395C7F /* DDGActivityIndicatorCookieTerminatorAnimation.m in Sources */,
				908817261D6FDF1E00395C7F /* DDGActivityIndicatorFiveDotsAnimation.m in Sources */,
				908817301D6FDF1E00395C7F /* DDGActivityIndicatorTriangleSkewSpinAnimation.m in Sources */,
				908817291D6FDF1E00395C7F /* DDGActivityIndicatorLineScalePulseOutAnimation.m in Sources */,
				908817221D6FDF1E00395C7F /* DDGActivityIndicatorBallZigZagDeflectAnimation.m in Sources */,
				908817111D6FDF1E00395C7F /* DDGActivityIndicatorAnimation.m in Sources */,
				908817331D6FDF1E00395C7F /* DDGActivityIndicatorTwoDotsAnimation.m in Sources */,
				908817161D6FDF1E00395C7F /* DDGActivityIndicatorBallGridBeatAnimation.m in Sources */,
				908817251D6FDF1E00395C7F /* DDGActivityIndicatorDoubleBounceAnimation.m in Sources */,
				9088172B1D6FDF1E00395C7F /* DDGActivityIndicatorNineDotsAnimation.m in Sources */,
				908817151D6FDF1E00395C7F /* DDGActivityIndicatorBallClipRotatePulseAnimation.m in Sources */,
				908817171D6FDF1E00395C7F /* DDGActivityIndicatorBallGridPulseAnimation.m in Sources */,
				9088171B1D6FDF1E00395C7F /* DDGActivityIndicatorBallScaleAnimation.m in Sources */,
				908817321D6FDF1E00395C7F /* DDGActivityIndicatorTripleRingsAnimation.m in Sources */,
				908817341D6FDF1E00395C7F /* DDGActivityIndicatorView.m in Sources */,
				9072B3681D7053E6005A18C5 /* DDActivityIndicatorView.m in Sources */,
				9072B3671D7053E6005A18C5 /* DDActivityIndicatorGradientCircleView.m in Sources */,
				9088172F1D6FDF1E00395C7F /* DDGActivityIndicatorThreeDotsAnimation.m in Sources */,
				900B110F1D6B039D00047010 /* main.m in Sources */,
				9088171D1D6FDF1E00395C7F /* DDGActivityIndicatorBallScaleRippleAnimation.m in Sources */,
				900B11411D6B03E200047010 /* DDTableViewController.m in Sources */,
				9088172E1D6FDF1E00395C7F /* DDGActivityIndicatorRotatingTrigonAnimation.m in Sources */,
				908817201D6FDF1E00395C7F /* DDGActivityIndicatorBallTrianglePathAnimation.m in Sources */,
				908817131D6FDF1E00395C7F /* DDGActivityIndicatorBallClipRotateAnimation.m in Sources */,
				908817121D6FDF1E00395C7F /* DDGActivityIndicatorBallBeatAnimation.m in Sources */,
				9088171F1D6FDF1E00395C7F /* DDGActivityIndicatorBallSpinFadeLoader.m in Sources */,
				908817311D6FDF1E00395C7F /* DDGActivityIndicatorTriplePulseAnimation.m in Sources */,
				9088172D1D6FDF1E00395C7F /* DDGActivityIndicatorRotatingSquaresAnimation.m in Sources */,
				908817231D6FDF1E00395C7F /* DDGActivityIndicatorClockAnimation.m in Sources */,
				9088171C1D6FDF1E00395C7F /* DDGActivityIndicatorBallScaleMultipleAnimation.m in Sources */,
				908817211D6FDF1E00395C7F /* DDGActivityIndicatorBallZigZagAnimation.m in Sources */,
				900B113D1D6B03C200047010 /* DDProgressHUD.m in Sources */,
				908817281D6FDF1E00395C7F /* DDGActivityIndicatorLineScalePartyAnimation.m in Sources */,
				908817181D6FDF1E00395C7F /* DDGActivityIndicatorBallPulseAnimation.m in Sources */,
			);
			runOnlyForDeploymentPostprocessing = 0;
		};
/* End PBXSourcesBuildPhase section */

/* Begin PBXVariantGroup section */
		900B11161D6B039D00047010 /* Main.storyboard */ = {
			isa = PBXVariantGroup;
			children = (
				900B11171D6B039D00047010 /* Base */,
			);
			name = Main.storyboard;
			sourceTree = "<group>";
		};
		900B111B1D6B039D00047010 /* LaunchScreen.storyboard */ = {
			isa = PBXVariantGroup;
			children = (
				900B111C1D6B039D00047010 /* Base */,
			);
			name = LaunchScreen.storyboard;
			sourceTree = "<group>";
		};
/* End PBXVariantGroup section */

/* Begin XCBuildConfiguration section */
		900B111F1D6B039D00047010 /* Debug */ = {
			isa = XCBuildConfiguration;
			buildSettings = {
				ALWAYS_SEARCH_USER_PATHS = NO;
				CLANG_ANALYZER_NONNULL = YES;
				CLANG_CXX_LANGUAGE_STANDARD = "gnu++0x";
				CLANG_CXX_LIBRARY = "libc++";
				CLANG_ENABLE_MODULES = YES;
				CLANG_ENABLE_OBJC_ARC = YES;
				CLANG_WARN_BOOL_CONVERSION = YES;
				CLANG_WARN_CONSTANT_CONVERSION = YES;
				CLANG_WARN_DIRECT_OBJC_ISA_USAGE = YES_ERROR;
				CLANG_WARN_EMPTY_BODY = YES;
				CLANG_WARN_ENUM_CONVERSION = YES;
				CLANG_WARN_INT_CONVERSION = YES;
				CLANG_WARN_OBJC_ROOT_CLASS = YES_ERROR;
				CLANG_WARN_UNREACHABLE_CODE = YES;
				CLANG_WARN__DUPLICATE_METHOD_MATCH = YES;
				"CODE_SIGN_IDENTITY[sdk=iphoneos*]" = "iPhone Developer";
				COPY_PHASE_STRIP = NO;
				DEBUG_INFORMATION_FORMAT = dwarf;
				ENABLE_STRICT_OBJC_MSGSEND = YES;
				ENABLE_TESTABILITY = YES;
				GCC_C_LANGUAGE_STANDARD = gnu99;
				GCC_DYNAMIC_NO_PIC = NO;
				GCC_NO_COMMON_BLOCKS = YES;
				GCC_OPTIMIZATION_LEVEL = 0;
				GCC_PREPROCESSOR_DEFINITIONS = (
					"DEBUG=1",
					"$(inherited)",
				);
				GCC_WARN_64_TO_32_BIT_CONVERSION = YES;
				GCC_WARN_ABOUT_RETURN_TYPE = YES_ERROR;
				GCC_WARN_UNDECLARED_SELECTOR = YES;
				GCC_WARN_UNINITIALIZED_AUTOS = YES_AGGRESSIVE;
				GCC_WARN_UNUSED_FUNCTION = YES;
				GCC_WARN_UNUSED_VARIABLE = YES;
				IPHONEOS_DEPLOYMENT_TARGET = 9.3;
				MTL_ENABLE_DEBUG_INFO = YES;
				ONLY_ACTIVE_ARCH = YES;
				SDKROOT = iphoneos;
			};
			name = Debug;
		};
		900B11201D6B039D00047010 /* Release */ = {
			isa = XCBuildConfiguration;
			buildSettings = {
				ALWAYS_SEARCH_USER_PATHS = NO;
				CLANG_ANALYZER_NONNULL = YES;
				CLANG_CXX_LANGUAGE_STANDARD = "gnu++0x";
				CLANG_CXX_LIBRARY = "libc++";
				CLANG_ENABLE_MODULES = YES;
				CLANG_ENABLE_OBJC_ARC = YES;
				CLANG_WARN_BOOL_CONVERSION = YES;
				CLANG_WARN_CONSTANT_CONVERSION = YES;
				CLANG_WARN_DIRECT_OBJC_ISA_USAGE = YES_ERROR;
				CLANG_WARN_EMPTY_BODY = YES;
				CLANG_WARN_ENUM_CONVERSION = YES;
				CLANG_WARN_INT_CONVERSION = YES;
				CLANG_WARN_OBJC_ROOT_CLASS = YES_ERROR;
				CLANG_WARN_UNREACHABLE_CODE = YES;
				CLANG_WARN__DUPLICATE_METHOD_MATCH = YES;
				"CODE_SIGN_IDENTITY[sdk=iphoneos*]" = "iPhone Developer";
				COPY_PHASE_STRIP = NO;
				DEBUG_INFORMATION_FORMAT = "dwarf-with-dsym";
				ENABLE_NS_ASSERTIONS = NO;
				ENABLE_STRICT_OBJC_MSGSEND = YES;
				GCC_C_LANGUAGE_STANDARD = gnu99;
				GCC_NO_COMMON_BLOCKS = YES;
				GCC_WARN_64_TO_32_BIT_CONVERSION = YES;
				GCC_WARN_ABOUT_RETURN_TYPE = YES_ERROR;
				GCC_WARN_UNDECLARED_SELECTOR = YES;
				GCC_WARN_UNINITIALIZED_AUTOS = YES_AGGRESSIVE;
				GCC_WARN_UNUSED_FUNCTION = YES;
				GCC_WARN_UNUSED_VARIABLE = YES;
				IPHONEOS_DEPLOYMENT_TARGET = 9.3;
				MTL_ENABLE_DEBUG_INFO = NO;
				SDKROOT = iphoneos;
				VALIDATE_PRODUCT = YES;
			};
			name = Release;
		};
		900B11221D6B039D00047010 /* Debug */ = {
			isa = XCBuildConfiguration;
			buildSettings = {
				ASSETCATALOG_COMPILER_APPICON_NAME = AppIcon;
				INFOPLIST_FILE = DDProgressHUDDemo/Info.plist;
				LD_RUNPATH_SEARCH_PATHS = "$(inherited) @executable_path/Frameworks";
				PRODUCT_BUNDLE_IDENTIFIER = huami.DDProgressHUDDemo;
				PRODUCT_NAME = "$(TARGET_NAME)";
			};
			name = Debug;
		};
		900B11231D6B039D00047010 /* Release */ = {
			isa = XCBuildConfiguration;
			buildSettings = {
				ASSETCATALOG_COMPILER_APPICON_NAME = AppIcon;
				INFOPLIST_FILE = DDProgressHUDDemo/Info.plist;
				LD_RUNPATH_SEARCH_PATHS = "$(inherited) @executable_path/Frameworks";
				PRODUCT_BUNDLE_IDENTIFIER = huami.DDProgressHUDDemo;
				PRODUCT_NAME = "$(TARGET_NAME)";
			};
			name = Release;
		};
/* End XCBuildConfiguration section */

/* Begin XCConfigurationList section */
		900B11051D6B039D00047010 /* Build configuration list for PBXProject "DDProgressHUDDemo" */ = {
			isa = XCConfigurationList;
			buildConfigurations = (
				900B111F1D6B039D00047010 /* Debug */,
				900B11201D6B039D00047010 /* Release */,
			);
			defaultConfigurationIsVisible = 0;
			defaultConfigurationName = Release;
		};
		900B11211D6B039D00047010 /* Build configuration list for PBXNativeTarget "DDProgressHUDDemo" */ = {
			isa = XCConfigurationList;
			buildConfigurations = (
				900B11221D6B039D00047010 /* Debug */,
				900B11231D6B039D00047010 /* Release */,
			);
			defaultConfigurationIsVisible = 0;
			defaultConfigurationName = Release;
		};
/* End XCConfigurationList section */
	};
	rootObject = 900B11021D6B039D00047010 /* Project object */;
}
